{
  "version": "5",
  "specifiers": {
    "jsr:@warashi/denovo-core@0.1.0": "0.1.0"
  },
  "jsr": {
    "@warashi/denovo-core@0.1.0": {
      "integrity": "3f69859c1583910f08b2de45f4d7759e6f40921598bf715a39418a2032c95dfb"
    }
  },
  "workspace": {
    "dependencies": [
      "jsr:@warashi/denovo-core@0.1.0"
    ]
  }
}
